// !$*UTF8*$!
{
	archiveVersion = 1;
	classes = {
	};
	objectVersion = 56;
	objects = {

/* Begin PBXBuildFile section */
		14847D392BE1742F0049DD40 /* LaunchScreen.storyboard in Resources */ = {isa = PBXBuildFile; fileRef = 14847D382BE1742F0049DD40 /* LaunchScreen.storyboard */; };
		1484D5812BDCCD8600519B55 /* My_ListApp.swift in Sources */ = {isa = PBXBuildFile; fileRef = 1484D5802BDCCD8600519B55 /* My_ListApp.swift */; };
		1484D5832BDCCD8600519B55 /* MainView.swift in Sources */ = {isa = PBXBuildFile; fileRef = 1484D5822BDCCD8600519B55 /* MainView.swift */; };
		1484D5852BDCCD8900519B55 /* Assets.xcassets in Resources */ = {isa = PBXBuildFile; fileRef = 1484D5842BDCCD8900519B55 /* Assets.xcassets */; };
		1484D5882BDCCD8900519B55 /* Preview Assets.xcassets in Resources */ = {isa = PBXBuildFile; fileRef = 1484D5872BDCCD8900519B55 /* Preview Assets.xcassets */; };
		1484D5922BDCCD8900519B55 /* My_ListTests.swift in Sources */ = {isa = PBXBuildFile; fileRef = 1484D5912BDCCD8900519B55 /* My_ListTests.swift */; };
		1484D59C2BDCCD8900519B55 /* My_ListUITests.swift in Sources */ = {isa = PBXBuildFile; fileRef = 1484D59B2BDCCD8900519B55 /* My_ListUITests.swift */; };
		1484D59E2BDCCD8900519B55 /* My_ListUITestsLaunchTests.swift in Sources */ = {isa = PBXBuildFile; fileRef = 1484D59D2BDCCD8900519B55 /* My_ListUITestsLaunchTests.swift */; };
		1484D5AE2BDCCE4B00519B55 /* LoginView.swift in Sources */ = {isa = PBXBuildFile; fileRef = 1484D5AD2BDCCE4B00519B55 /* LoginView.swift */; };
		1484D5B02BDCCE6000519B55 /* RegisterView.swift in Sources */ = {isa = PBXBuildFile; fileRef = 1484D5AF2BDCCE6000519B55 /* RegisterView.swift */; };
		1484D5B22BDCCE7400519B55 /* AuthViewModel.swift in Sources */ = {isa = PBXBuildFile; fileRef = 1484D5B12BDCCE7400519B55 /* AuthViewModel.swift */; };
		1484D5B62BDCCEB900519B55 /* Users.swift in Sources */ = {isa = PBXBuildFile; fileRef = 1484D5B52BDCCEB900519B55 /* Users.swift */; };
		1484D5BA2BDCCEFB00519B55 /* ListsView.swift in Sources */ = {isa = PBXBuildFile; fileRef = 1484D5B92BDCCEFB00519B55 /* ListsView.swift */; };
		1484D5BF2BDCD20600519B55 /* InputView.swift in Sources */ = {isa = PBXBuildFile; fileRef = 1484D5BE2BDCD20600519B55 /* InputView.swift */; };
		1484D5C12BDCD23A00519B55 /* SettingsRowView.swift in Sources */ = {isa = PBXBuildFile; fileRef = 1484D5C02BDCD23A00519B55 /* SettingsRowView.swift */; };
		1484D5C32BDCD50700519B55 /* GoogleService-Info.plist in Resources */ = {isa = PBXBuildFile; fileRef = 1484D5C22BDCD50700519B55 /* GoogleService-Info.plist */; };
		1484D5C82BDCD6A000519B55 /* FirebaseFirestore in Frameworks */ = {isa = PBXBuildFile; productRef = 1484D5C72BDCD6A000519B55 /* FirebaseFirestore */; };
		1484D5CA2BDCD6A000519B55 /* FirebaseFirestoreSwift in Frameworks */ = {isa = PBXBuildFile; productRef = 1484D5C92BDCD6A000519B55 /* FirebaseFirestoreSwift */; };
		1484D5CC2BDCD6A000519B55 /* FirebaseStorage in Frameworks */ = {isa = PBXBuildFile; productRef = 1484D5CB2BDCD6A000519B55 /* FirebaseStorage */; };
		1484D5D22BDCF22300519B55 /* MyListView.swift in Sources */ = {isa = PBXBuildFile; fileRef = 1484D5D12BDCF22300519B55 /* MyListView.swift */; };
		14B293952BE4CFD300BB3527 /* ReadyListView.swift in Sources */ = {isa = PBXBuildFile; fileRef = 14B293942BE4CFD300BB3527 /* ReadyListView.swift */; };
		14B293972BE4D04A00BB3527 /* ReadyList.swift in Sources */ = {isa = PBXBuildFile; fileRef = 14B293962BE4D04A00BB3527 /* ReadyList.swift */; };
		14B293992BE4EEEB00BB3527 /* ListItem.swift in Sources */ = {isa = PBXBuildFile; fileRef = 14B293982BE4EEEB00BB3527 /* ListItem.swift */; };
		14B2939B2BE4EF0900BB3527 /* ListsViewModel.swift in Sources */ = {isa = PBXBuildFile; fileRef = 14B2939A2BE4EF0900BB3527 /* ListsViewModel.swift */; };
		14B2939F2BE62DD500BB3527 /* ListItemViewModel.swift in Sources */ = {isa = PBXBuildFile; fileRef = 14B2939E2BE62DD500BB3527 /* ListItemViewModel.swift */; };
		14CFEBC82BEA2F3B006BBF0C /* MarketAlisverisiView.swift in Sources */ = {isa = PBXBuildFile; fileRef = 14CFEBC72BEA2F3B006BBF0C /* MarketAlisverisiView.swift */; };
		14CFEBCA2BEA4568006BBF0C /* NewListNameView.swift in Sources */ = {isa = PBXBuildFile; fileRef = 14CFEBC92BEA4568006BBF0C /* NewListNameView.swift */; };
		14CFEBCC2BEA6074006BBF0C /* CeyizAlısverisi.swift in Sources */ = {isa = PBXBuildFile; fileRef = 14CFEBCB2BEA6074006BBF0C /* CeyizAlısverisi.swift */; };
		14CFEBD02BEA6109006BBF0C /* YeniDoganAlısverisi.swift in Sources */ = {isa = PBXBuildFile; fileRef = 14CFEBCF2BEA6109006BBF0C /* YeniDoganAlısverisi.swift */; };
		14CFEBD22BEA6138006BBF0C /* AskerAlisverisi.swift in Sources */ = {isa = PBXBuildFile; fileRef = 14CFEBD12BEA6138006BBF0C /* AskerAlisverisi.swift */; };
		14CFEBD42BEA614B006BBF0C /* TatilAlisverisi.swift in Sources */ = {isa = PBXBuildFile; fileRef = 14CFEBD32BEA614B006BBF0C /* TatilAlisverisi.swift */; };
		14CFEBD62BEA615F006BBF0C /* TemizOda.swift in Sources */ = {isa = PBXBuildFile; fileRef = 14CFEBD52BEA615F006BBF0C /* TemizOda.swift */; };
		14CFEBD82BEA6177006BBF0C /* HayalimdeUlkeler.swift in Sources */ = {isa = PBXBuildFile; fileRef = 14CFEBD72BEA6177006BBF0C /* HayalimdeUlkeler.swift */; };
		14CFEBDA2BEAD042006BBF0C /* ProfileView.swift in Sources */ = {isa = PBXBuildFile; fileRef = 14CFEBD92BEAD042006BBF0C /* ProfileView.swift */; };
		14CFEBDD2BECF553006BBF0C /* FirebaseAuth in Frameworks */ = {isa = PBXBuildFile; productRef = 14CFEBDC2BECF553006BBF0C /* FirebaseAuth */; };
		14CFEBDF2BECF583006BBF0C /* FirebaseDatabase in Frameworks */ = {isa = PBXBuildFile; productRef = 14CFEBDE2BECF583006BBF0C /* FirebaseDatabase */; };
		14CFEBE12BECF5A3006BBF0C /* FirebaseAnalytics in Frameworks */ = {isa = PBXBuildFile; productRef = 14CFEBE02BECF5A3006BBF0C /* FirebaseAnalytics */; };
		14CFEBE52BEF8D83006BBF0C /* ListInfo.swift in Sources */ = {isa = PBXBuildFile; fileRef = 14CFEBE42BEF8D83006BBF0C /* ListInfo.swift */; };
		14E1601A2BDE891100EA9CE0 /* ListRowView.swift in Sources */ = {isa = PBXBuildFile; fileRef = 14E160192BDE891100EA9CE0 /* ListRowView.swift */; };
		14E1601C2BDE93A500EA9CE0 /* AddView.swift in Sources */ = {isa = PBXBuildFile; fileRef = 14E1601B2BDE93A400EA9CE0 /* AddView.swift */; };
		14E1601E2BDE9AF100EA9CE0 /* ItemModel.swift in Sources */ = {isa = PBXBuildFile; fileRef = 14E1601D2BDE9AF100EA9CE0 /* ItemModel.swift */; };
		14E160222BE029B400EA9CE0 /* NoItemsView.swift in Sources */ = {isa = PBXBuildFile; fileRef = 14E160212BE029B400EA9CE0 /* NoItemsView.swift */; };
/* End PBXBuildFile section */

/* Begin PBXContainerItemProxy section */
		1484D58E2BDCCD8900519B55 /* PBXContainerItemProxy */ = {
			isa = PBXContainerItemProxy;
			containerPortal = 1484D5752BDCCD8600519B55 /* Project object */;
			proxyType = 1;
			remoteGlobalIDString = 1484D57C2BDCCD8600519B55;
			remoteInfo = "My List";
		};
		1484D5982BDCCD8900519B55 /* PBXContainerItemProxy */ = {
			isa = PBXContainerItemProxy;
			containerPortal = 1484D5752BDCCD8600519B55 /* Project object */;
			proxyType = 1;
			remoteGlobalIDString = 1484D57C2BDCCD8600519B55;
			remoteInfo = "My List";
		};
/* End PBXContainerItemProxy section */

/* Begin PBXFileReference section */
		14847D382BE1742F0049DD40 /* LaunchScreen.storyboard */ = {isa = PBXFileReference; lastKnownFileType = file.storyboard; path = LaunchScreen.storyboard; sourceTree = "<group>"; };
		1484D57D2BDCCD8600519B55 /* My List.app */ = {isa = PBXFileReference; explicitFileType = wrapper.application; includeInIndex = 0; path = "My List.app"; sourceTree = BUILT_PRODUCTS_DIR; };
		1484D5802BDCCD8600519B55 /* My_ListApp.swift */ = {isa = PBXFileReference; lastKnownFileType = sourcecode.swift; path = My_ListApp.swift; sourceTree = "<group>"; };
		1484D5822BDCCD8600519B55 /* MainView.swift */ = {isa = PBXFileReference; lastKnownFileType = sourcecode.swift; path = MainView.swift; sourceTree = "<group>"; };
		1484D5842BDCCD8900519B55 /* Assets.xcassets */ = {isa = PBXFileReference; lastKnownFileType = folder.assetcatalog; path = Assets.xcassets; sourceTree = "<group>"; };
		1484D5872BDCCD8900519B55 /* Preview Assets.xcassets */ = {isa = PBXFileReference; lastKnownFileType = folder.assetcatalog; path = "Preview Assets.xcassets"; sourceTree = "<group>"; };
		1484D58D2BDCCD8900519B55 /* My ListTests.xctest */ = {isa = PBXFileReference; explicitFileType = wrapper.cfbundle; includeInIndex = 0; path = "My ListTests.xctest"; sourceTree = BUILT_PRODUCTS_DIR; };
		1484D5912BDCCD8900519B55 /* My_ListTests.swift */ = {isa = PBXFileReference; lastKnownFileType = sourcecode.swift; path = My_ListTests.swift; sourceTree = "<group>"; };
		1484D5972BDCCD8900519B55 /* My ListUITests.xctest */ = {isa = PBXFileReference; explicitFileType = wrapper.cfbundle; includeInIndex = 0; path = "My ListUITests.xctest"; sourceTree = BUILT_PRODUCTS_DIR; };
		1484D59B2BDCCD8900519B55 /* My_ListUITests.swift */ = {isa = PBXFileReference; lastKnownFileType = sourcecode.swift; path = My_ListUITests.swift; sourceTree = "<group>"; };
		1484D59D2BDCCD8900519B55 /* My_ListUITestsLaunchTests.swift */ = {isa = PBXFileReference; lastKnownFileType = sourcecode.swift; path = My_ListUITestsLaunchTests.swift; sourceTree = "<group>"; };
		1484D5AD2BDCCE4B00519B55 /* LoginView.swift */ = {isa = PBXFileReference; lastKnownFileType = sourcecode.swift; path = LoginView.swift; sourceTree = "<group>"; };
		1484D5AF2BDCCE6000519B55 /* RegisterView.swift */ = {isa = PBXFileReference; lastKnownFileType = sourcecode.swift; path = RegisterView.swift; sourceTree = "<group>"; };
		1484D5B12BDCCE7400519B55 /* AuthViewModel.swift */ = {isa = PBXFileReference; lastKnownFileType = sourcecode.swift; path = AuthViewModel.swift; sourceTree = "<group>"; };
		1484D5B52BDCCEB900519B55 /* Users.swift */ = {isa = PBXFileReference; lastKnownFileType = sourcecode.swift; path = Users.swift; sourceTree = "<group>"; };
		1484D5B92BDCCEFB00519B55 /* ListsView.swift */ = {isa = PBXFileReference; lastKnownFileType = sourcecode.swift; path = ListsView.swift; sourceTree = "<group>"; };
		1484D5BE2BDCD20600519B55 /* InputView.swift */ = {isa = PBXFileReference; lastKnownFileType = sourcecode.swift; path = InputView.swift; sourceTree = "<group>"; };
		1484D5C02BDCD23A00519B55 /* SettingsRowView.swift */ = {isa = PBXFileReference; lastKnownFileType = sourcecode.swift; path = SettingsRowView.swift; sourceTree = "<group>"; };
		1484D5C22BDCD50700519B55 /* GoogleService-Info.plist */ = {isa = PBXFileReference; fileEncoding = 4; lastKnownFileType = text.plist.xml; name = "GoogleService-Info.plist"; path = "My List/GoogleService-Info.plist"; sourceTree = SOURCE_ROOT; };
		1484D5D12BDCF22300519B55 /* MyListView.swift */ = {isa = PBXFileReference; lastKnownFileType = sourcecode.swift; path = MyListView.swift; sourceTree = "<group>"; };
		14B293942BE4CFD300BB3527 /* ReadyListView.swift */ = {isa = PBXFileReference; lastKnownFileType = sourcecode.swift; path = ReadyListView.swift; sourceTree = "<group>"; };
		14B293962BE4D04A00BB3527 /* ReadyList.swift */ = {isa = PBXFileReference; lastKnownFileType = sourcecode.swift; path = ReadyList.swift; sourceTree = "<group>"; };
		14B293982BE4EEEB00BB3527 /* ListItem.swift */ = {isa = PBXFileReference; lastKnownFileType = sourcecode.swift; path = ListItem.swift; sourceTree = "<group>"; };
		14B2939A2BE4EF0900BB3527 /* ListsViewModel.swift */ = {isa = PBXFileReference; lastKnownFileType = sourcecode.swift; path = ListsViewModel.swift; sourceTree = "<group>"; };
		14B2939E2BE62DD500BB3527 /* ListItemViewModel.swift */ = {isa = PBXFileReference; lastKnownFileType = sourcecode.swift; path = ListItemViewModel.swift; sourceTree = "<group>"; };
		14CFEBC72BEA2F3B006BBF0C /* MarketAlisverisiView.swift */ = {isa = PBXFileReference; lastKnownFileType = sourcecode.swift; path = MarketAlisverisiView.swift; sourceTree = "<group>"; };
		14CFEBC92BEA4568006BBF0C /* NewListNameView.swift */ = {isa = PBXFileReference; lastKnownFileType = sourcecode.swift; path = NewListNameView.swift; sourceTree = "<group>"; };
		14CFEBCB2BEA6074006BBF0C /* CeyizAlısverisi.swift */ = {isa = PBXFileReference; lastKnownFileType = sourcecode.swift; path = "CeyizAlısverisi.swift"; sourceTree = "<group>"; };
		14CFEBCF2BEA6109006BBF0C /* YeniDoganAlısverisi.swift */ = {isa = PBXFileReference; lastKnownFileType = sourcecode.swift; path = "YeniDoganAlısverisi.swift"; sourceTree = "<group>"; };
		14CFEBD12BEA6138006BBF0C /* AskerAlisverisi.swift */ = {isa = PBXFileReference; lastKnownFileType = sourcecode.swift; path = AskerAlisverisi.swift; sourceTree = "<group>"; };
		14CFEBD32BEA614B006BBF0C /* TatilAlisverisi.swift */ = {isa = PBXFileReference; lastKnownFileType = sourcecode.swift; path = TatilAlisverisi.swift; sourceTree = "<group>"; };
		14CFEBD52BEA615F006BBF0C /* TemizOda.swift */ = {isa = PBXFileReference; lastKnownFileType = sourcecode.swift; path = TemizOda.swift; sourceTree = "<group>"; };
		14CFEBD72BEA6177006BBF0C /* HayalimdeUlkeler.swift */ = {isa = PBXFileReference; lastKnownFileType = sourcecode.swift; path = HayalimdeUlkeler.swift; sourceTree = "<group>"; };
		14CFEBD92BEAD042006BBF0C /* ProfileView.swift */ = {isa = PBXFileReference; lastKnownFileType = sourcecode.swift; path = ProfileView.swift; sourceTree = "<group>"; };
		14CFEBE42BEF8D83006BBF0C /* ListInfo.swift */ = {isa = PBXFileReference; lastKnownFileType = sourcecode.swift; path = ListInfo.swift; sourceTree = "<group>"; };
		14E160192BDE891100EA9CE0 /* ListRowView.swift */ = {isa = PBXFileReference; lastKnownFileType = sourcecode.swift; path = ListRowView.swift; sourceTree = "<group>"; };
		14E1601B2BDE93A400EA9CE0 /* AddView.swift */ = {isa = PBXFileReference; lastKnownFileType = sourcecode.swift; path = AddView.swift; sourceTree = "<group>"; };
		14E1601D2BDE9AF100EA9CE0 /* ItemModel.swift */ = {isa = PBXFileReference; lastKnownFileType = sourcecode.swift; path = ItemModel.swift; sourceTree = "<group>"; };
		14E160212BE029B400EA9CE0 /* NoItemsView.swift */ = {isa = PBXFileReference; lastKnownFileType = sourcecode.swift; path = NoItemsView.swift; sourceTree = "<group>"; };
		14FB1D502BF4F2D4007CC435 /* Info.plist */ = {isa = PBXFileReference; lastKnownFileType = text.plist; name = Info.plist; path = "My-List/Info.plist"; sourceTree = SOURCE_ROOT; };
/* End PBXFileReference section */

/* Begin PBXFrameworksBuildPhase section */
		1484D57A2BDCCD8600519B55 /* Frameworks */ = {
			isa = PBXFrameworksBuildPhase;
			buildActionMask = 2147483647;
			files = (
				14CFEBDF2BECF583006BBF0C /* FirebaseDatabase in Frameworks */,
				1484D5CC2BDCD6A000519B55 /* FirebaseStorage in Frameworks */,
				14CFEBE12BECF5A3006BBF0C /* FirebaseAnalytics in Frameworks */,
				1484D5C82BDCD6A000519B55 /* FirebaseFirestore in Frameworks */,
				1484D5CA2BDCD6A000519B55 /* FirebaseFirestoreSwift in Frameworks */,
				14CFEBDD2BECF553006BBF0C /* FirebaseAuth in Frameworks */,
			);
			runOnlyForDeploymentPostprocessing = 0;
		};
		1484D58A2BDCCD8900519B55 /* Frameworks */ = {
			isa = PBXFrameworksBuildPhase;
			buildActionMask = 2147483647;
			files = (
			);
			runOnlyForDeploymentPostprocessing = 0;
		};
		1484D5942BDCCD8900519B55 /* Frameworks */ = {
			isa = PBXFrameworksBuildPhase;
			buildActionMask = 2147483647;
			files = (
			);
			runOnlyForDeploymentPostprocessing = 0;
		};
/* End PBXFrameworksBuildPhase section */

/* Begin PBXGroup section */
		1484D5742BDCCD8600519B55 = {
			isa = PBXGroup;
			children = (
				14847D382BE1742F0049DD40 /* LaunchScreen.storyboard */,
				1484D57F2BDCCD8600519B55 /* My List */,
				1484D5902BDCCD8900519B55 /* My ListTests */,
				1484D59A2BDCCD8900519B55 /* My ListUITests */,
				1484D57E2BDCCD8600519B55 /* Products */,
				14CFEBDB2BECF54A006BBF0C /* Frameworks */,
			);
			sourceTree = "<group>";
		};
		1484D57E2BDCCD8600519B55 /* Products */ = {
			isa = PBXGroup;
			children = (
				1484D57D2BDCCD8600519B55 /* My List.app */,
				1484D58D2BDCCD8900519B55 /* My ListTests.xctest */,
				1484D5972BDCCD8900519B55 /* My ListUITests.xctest */,
			);
			name = Products;
			sourceTree = "<group>";
		};
		1484D57F2BDCCD8600519B55 /* My List */ = {
			isa = PBXGroup;
			children = (
				14FB1D502BF4F2D4007CC435 /* Info.plist */,
				1484D5C22BDCD50700519B55 /* GoogleService-Info.plist */,
				1484D5B42BDCCE8F00519B55 /* Others */,
				1484D5B32BDCCE7F00519B55 /* Models */,
				1484D5AA2BDCCE0500519B55 /* ViewModels */,
				1484D5AC2BDCCE2A00519B55 /* Views */,
				1484D5BD2BDCD1D700519B55 /* Components */,
				14CFEBC42BEA2CBE006BBF0C /* Ready-List */,
				1484D5862BDCCD8900519B55 /* Preview Content */,
			);
			path = "My List";
			sourceTree = "<group>";
		};
		1484D5862BDCCD8900519B55 /* Preview Content */ = {
			isa = PBXGroup;
			children = (
				1484D5872BDCCD8900519B55 /* Preview Assets.xcassets */,
			);
			path = "Preview Content";
			sourceTree = "<group>";
		};
		1484D5902BDCCD8900519B55 /* My ListTests */ = {
			isa = PBXGroup;
			children = (
				1484D5912BDCCD8900519B55 /* My_ListTests.swift */,
			);
			path = "My ListTests";
			sourceTree = "<group>";
		};
		1484D59A2BDCCD8900519B55 /* My ListUITests */ = {
			isa = PBXGroup;
			children = (
				1484D59B2BDCCD8900519B55 /* My_ListUITests.swift */,
				1484D59D2BDCCD8900519B55 /* My_ListUITestsLaunchTests.swift */,
			);
			path = "My ListUITests";
			sourceTree = "<group>";
		};
		1484D5AA2BDCCE0500519B55 /* ViewModels */ = {
			isa = PBXGroup;
			children = (
				1484D5B12BDCCE7400519B55 /* AuthViewModel.swift */,
				14B2939A2BE4EF0900BB3527 /* ListsViewModel.swift */,
				14B2939E2BE62DD500BB3527 /* ListItemViewModel.swift */,
			);
			path = ViewModels;
			sourceTree = "<group>";
		};
		1484D5AC2BDCCE2A00519B55 /* Views */ = {
			isa = PBXGroup;
			children = (
				1484D5822BDCCD8600519B55 /* MainView.swift */,
				1484D5AD2BDCCE4B00519B55 /* LoginView.swift */,
				14CFEBD92BEAD042006BBF0C /* ProfileView.swift */,
				1484D5AF2BDCCE6000519B55 /* RegisterView.swift */,
				1484D5B92BDCCEFB00519B55 /* ListsView.swift */,
				1484D5D12BDCF22300519B55 /* MyListView.swift */,
				14E160192BDE891100EA9CE0 /* ListRowView.swift */,
				14E1601B2BDE93A400EA9CE0 /* AddView.swift */,
				14E160212BE029B400EA9CE0 /* NoItemsView.swift */,
				14B293942BE4CFD300BB3527 /* ReadyListView.swift */,
				14CFEBC92BEA4568006BBF0C /* NewListNameView.swift */,
			);
			path = Views;
			sourceTree = "<group>";
		};
		1484D5B32BDCCE7F00519B55 /* Models */ = {
			isa = PBXGroup;
			children = (
				1484D5B52BDCCEB900519B55 /* Users.swift */,
				14E1601D2BDE9AF100EA9CE0 /* ItemModel.swift */,
				14B293962BE4D04A00BB3527 /* ReadyList.swift */,
				14B293982BE4EEEB00BB3527 /* ListItem.swift */,
				14CFEBE42BEF8D83006BBF0C /* ListInfo.swift */,
			);
			path = Models;
			sourceTree = "<group>";
		};
		1484D5B42BDCCE8F00519B55 /* Others */ = {
			isa = PBXGroup;
			children = (
				1484D5842BDCCD8900519B55 /* Assets.xcassets */,
				1484D5802BDCCD8600519B55 /* My_ListApp.swift */,
			);
			path = Others;
			sourceTree = "<group>";
		};
		1484D5BD2BDCD1D700519B55 /* Components */ = {
			isa = PBXGroup;
			children = (
				1484D5BE2BDCD20600519B55 /* InputView.swift */,
				1484D5C02BDCD23A00519B55 /* SettingsRowView.swift */,
			);
			path = Components;
			sourceTree = "<group>";
		};
		14CFEBC42BEA2CBE006BBF0C /* Ready-List */ = {
			isa = PBXGroup;
			children = (
				14CFEBC72BEA2F3B006BBF0C /* MarketAlisverisiView.swift */,
				14CFEBCB2BEA6074006BBF0C /* CeyizAlısverisi.swift */,
				14CFEBCF2BEA6109006BBF0C /* YeniDoganAlısverisi.swift */,
				14CFEBD12BEA6138006BBF0C /* AskerAlisverisi.swift */,
				14CFEBD32BEA614B006BBF0C /* TatilAlisverisi.swift */,
				14CFEBD52BEA615F006BBF0C /* TemizOda.swift */,
				14CFEBD72BEA6177006BBF0C /* HayalimdeUlkeler.swift */,
			);
			path = "Ready-List";
			sourceTree = "<group>";
		};
		14CFEBDB2BECF54A006BBF0C /* Frameworks */ = {
			isa = PBXGroup;
			children = (
			);
			name = Frameworks;
			sourceTree = "<group>";
		};
/* End PBXGroup section */

/* Begin PBXNativeTarget section */
		1484D57C2BDCCD8600519B55 /* My List */ = {
			isa = PBXNativeTarget;
			buildConfigurationList = 1484D5A12BDCCD8900519B55 /* Build configuration list for PBXNativeTarget "My List" */;
			buildPhases = (
				1484D5792BDCCD8600519B55 /* Sources */,
				1484D57A2BDCCD8600519B55 /* Frameworks */,
				1484D57B2BDCCD8600519B55 /* Resources */,
			);
			buildRules = (
			);
			dependencies = (
			);
			name = "My List";
			packageProductDependencies = (
				1484D5C72BDCD6A000519B55 /* FirebaseFirestore */,
				1484D5C92BDCD6A000519B55 /* FirebaseFirestoreSwift */,
				1484D5CB2BDCD6A000519B55 /* FirebaseStorage */,
				14CFEBDC2BECF553006BBF0C /* FirebaseAuth */,
				14CFEBDE2BECF583006BBF0C /* FirebaseDatabase */,
				14CFEBE02BECF5A3006BBF0C /* FirebaseAnalytics */,
			);
			productName = "My List";
			productReference = 1484D57D2BDCCD8600519B55 /* My List.app */;
			productType = "com.apple.product-type.application";
		};
		1484D58C2BDCCD8900519B55 /* My ListTests */ = {
			isa = PBXNativeTarget;
			buildConfigurationList = 1484D5A42BDCCD8900519B55 /* Build configuration list for PBXNativeTarget "My ListTests" */;
			buildPhases = (
				1484D5892BDCCD8900519B55 /* Sources */,
				1484D58A2BDCCD8900519B55 /* Frameworks */,
				1484D58B2BDCCD8900519B55 /* Resources */,
			);
			buildRules = (
			);
			dependencies = (
				1484D58F2BDCCD8900519B55 /* PBXTargetDependency */,
			);
			name = "My ListTests";
			productName = "My ListTests";
			productReference = 1484D58D2BDCCD8900519B55 /* My ListTests.xctest */;
			productType = "com.apple.product-type.bundle.unit-test";
		};
		1484D5962BDCCD8900519B55 /* My ListUITests */ = {
			isa = PBXNativeTarget;
			buildConfigurationList = 1484D5A72BDCCD8900519B55 /* Build configuration list for PBXNativeTarget "My ListUITests" */;
			buildPhases = (
				1484D5932BDCCD8900519B55 /* Sources */,
				1484D5942BDCCD8900519B55 /* Frameworks */,
				1484D5952BDCCD8900519B55 /* Resources */,
			);
			buildRules = (
			);
			dependencies = (
				1484D5992BDCCD8900519B55 /* PBXTargetDependency */,
			);
			name = "My ListUITests";
			productName = "My ListUITests";
			productReference = 1484D5972BDCCD8900519B55 /* My ListUITests.xctest */;
			productType = "com.apple.product-type.bundle.ui-testing";
		};
/* End PBXNativeTarget section */

/* Begin PBXProject section */
		1484D5752BDCCD8600519B55 /* Project object */ = {
			isa = PBXProject;
			attributes = {
				BuildIndependentTargetsInParallel = 1;
				LastSwiftUpdateCheck = 1530;
				LastUpgradeCheck = 1530;
				TargetAttributes = {
					1484D57C2BDCCD8600519B55 = {
						CreatedOnToolsVersion = 15.3;
					};
					1484D58C2BDCCD8900519B55 = {
						CreatedOnToolsVersion = 15.3;
						TestTargetID = 1484D57C2BDCCD8600519B55;
					};
					1484D5962BDCCD8900519B55 = {
						CreatedOnToolsVersion = 15.3;
						TestTargetID = 1484D57C2BDCCD8600519B55;
					};
				};
			};
			buildConfigurationList = 1484D5782BDCCD8600519B55 /* Build configuration list for PBXProject "My List" */;
			compatibilityVersion = "Xcode 14.0";
			developmentRegion = en;
			hasScannedForEncodings = 0;
			knownRegions = (
				en,
				Base,
			);
			mainGroup = 1484D5742BDCCD8600519B55;
			packageReferences = (
				1484D5C42BDCD6A000519B55 /* XCRemoteSwiftPackageReference "firebase-ios-sdk" */,
			);
			productRefGroup = 1484D57E2BDCCD8600519B55 /* Products */;
			projectDirPath = "";
			projectRoot = "";
			targets = (
				1484D57C2BDCCD8600519B55 /* My List */,
				1484D58C2BDCCD8900519B55 /* My ListTests */,
				1484D5962BDCCD8900519B55 /* My ListUITests */,
			);
		};
/* End PBXProject section */

/* Begin PBXResourcesBuildPhase section */
		1484D57B2BDCCD8600519B55 /* Resources */ = {
			isa = PBXResourcesBuildPhase;
			buildActionMask = 2147483647;
			files = (
				1484D5882BDCCD8900519B55 /* Preview Assets.xcassets in Resources */,
				1484D5852BDCCD8900519B55 /* Assets.xcassets in Resources */,
				14847D392BE1742F0049DD40 /* LaunchScreen.storyboard in Resources */,
				1484D5C32BDCD50700519B55 /* GoogleService-Info.plist in Resources */,
			);
			runOnlyForDeploymentPostprocessing = 0;
		};
		1484D58B2BDCCD8900519B55 /* Resources */ = {
			isa = PBXResourcesBuildPhase;
			buildActionMask = 2147483647;
			files = (
			);
			runOnlyForDeploymentPostprocessing = 0;
		};
		1484D5952BDCCD8900519B55 /* Resources */ = {
			isa = PBXResourcesBuildPhase;
			buildActionMask = 2147483647;
			files = (
			);
			runOnlyForDeploymentPostprocessing = 0;
		};
/* End PBXResourcesBuildPhase section */

/* Begin PBXSourcesBuildPhase section */
		1484D5792BDCCD8600519B55 /* Sources */ = {
			isa = PBXSourcesBuildPhase;
			buildActionMask = 2147483647;
			files = (
				14CFEBCC2BEA6074006BBF0C /* CeyizAlısverisi.swift in Sources */,
				14E1601C2BDE93A500EA9CE0 /* AddView.swift in Sources */,
				1484D5BA2BDCCEFB00519B55 /* ListsView.swift in Sources */,
				14CFEBCA2BEA4568006BBF0C /* NewListNameView.swift in Sources */,
				14CFEBD62BEA615F006BBF0C /* TemizOda.swift in Sources */,
				14B293972BE4D04A00BB3527 /* ReadyList.swift in Sources */,
				1484D5B22BDCCE7400519B55 /* AuthViewModel.swift in Sources */,
				14B293992BE4EEEB00BB3527 /* ListItem.swift in Sources */,
				14CFEBD02BEA6109006BBF0C /* YeniDoganAlısverisi.swift in Sources */,
				1484D5AE2BDCCE4B00519B55 /* LoginView.swift in Sources */,
				14CFEBD42BEA614B006BBF0C /* TatilAlisverisi.swift in Sources */,
				14E160222BE029B400EA9CE0 /* NoItemsView.swift in Sources */,
				1484D5BF2BDCD20600519B55 /* InputView.swift in Sources */,
				1484D5B02BDCCE6000519B55 /* RegisterView.swift in Sources */,
				1484D5832BDCCD8600519B55 /* MainView.swift in Sources */,
				1484D5C12BDCD23A00519B55 /* SettingsRowView.swift in Sources */,
				1484D5B62BDCCEB900519B55 /* Users.swift in Sources */,
				14CFEBD22BEA6138006BBF0C /* AskerAlisverisi.swift in Sources */,
				14B293952BE4CFD300BB3527 /* ReadyListView.swift in Sources */,
				1484D5D22BDCF22300519B55 /* MyListView.swift in Sources */,
				14CFEBDA2BEAD042006BBF0C /* ProfileView.swift in Sources */,
				14CFEBC82BEA2F3B006BBF0C /* MarketAlisverisiView.swift in Sources */,
				1484D5812BDCCD8600519B55 /* My_ListApp.swift in Sources */,
				14E1601E2BDE9AF100EA9CE0 /* ItemModel.swift in Sources */,
				14CFEBE52BEF8D83006BBF0C /* ListInfo.swift in Sources */,
				14E1601A2BDE891100EA9CE0 /* ListRowView.swift in Sources */,
				14B2939F2BE62DD500BB3527 /* ListItemViewModel.swift in Sources */,
				14B2939B2BE4EF0900BB3527 /* ListsViewModel.swift in Sources */,
				14CFEBD82BEA6177006BBF0C /* HayalimdeUlkeler.swift in Sources */,
			);
			runOnlyForDeploymentPostprocessing = 0;
		};
		1484D5892BDCCD8900519B55 /* Sources */ = {
			isa = PBXSourcesBuildPhase;
			buildActionMask = 2147483647;
			files = (
				1484D5922BDCCD8900519B55 /* My_ListTests.swift in Sources */,
			);
			runOnlyForDeploymentPostprocessing = 0;
		};
		1484D5932BDCCD8900519B55 /* Sources */ = {
			isa = PBXSourcesBuildPhase;
			buildActionMask = 2147483647;
			files = (
				1484D59E2BDCCD8900519B55 /* My_ListUITestsLaunchTests.swift in Sources */,
				1484D59C2BDCCD8900519B55 /* My_ListUITests.swift in Sources */,
			);
			runOnlyForDeploymentPostprocessing = 0;
		};
/* End PBXSourcesBuildPhase section */

/* Begin PBXTargetDependency section */
		1484D58F2BDCCD8900519B55 /* PBXTargetDependency */ = {
			isa = PBXTargetDependency;
			target = 1484D57C2BDCCD8600519B55 /* My List */;
			targetProxy = 1484D58E2BDCCD8900519B55 /* PBXContainerItemProxy */;
		};
		1484D5992BDCCD8900519B55 /* PBXTargetDependency */ = {
			isa = PBXTargetDependency;
			target = 1484D57C2BDCCD8600519B55 /* My List */;
			targetProxy = 1484D5982BDCCD8900519B55 /* PBXContainerItemProxy */;
		};
/* End PBXTargetDependency section */

/* Begin XCBuildConfiguration section */
		1484D59F2BDCCD8900519B55 /* Debug */ = {
			isa = XCBuildConfiguration;
			buildSettings = {
				ALWAYS_SEARCH_USER_PATHS = NO;
				ASSETCATALOG_COMPILER_GENERATE_SWIFT_ASSET_SYMBOL_EXTENSIONS = YES;
				CLANG_ANALYZER_NONNULL = YES;
				CLANG_ANALYZER_NUMBER_OBJECT_CONVERSION = YES_AGGRESSIVE;
				CLANG_CXX_LANGUAGE_STANDARD = "gnu++20";
				CLANG_ENABLE_MODULES = YES;
				CLANG_ENABLE_OBJC_ARC = YES;
				CLANG_ENABLE_OBJC_WEAK = YES;
				CLANG_WARN_BLOCK_CAPTURE_AUTORELEASING = YES;
				CLANG_WARN_BOOL_CONVERSION = YES;
				CLANG_WARN_COMMA = YES;
				CLANG_WARN_CONSTANT_CONVERSION = YES;
				CLANG_WARN_DEPRECATED_OBJC_IMPLEMENTATIONS = YES;
				CLANG_WARN_DIRECT_OBJC_ISA_USAGE = YES_ERROR;
				CLANG_WARN_DOCUMENTATION_COMMENTS = YES;
				CLANG_WARN_EMPTY_BODY = YES;
				CLANG_WARN_ENUM_CONVERSION = YES;
				CLANG_WARN_INFINITE_RECURSION = YES;
				CLANG_WARN_INT_CONVERSION = YES;
				CLANG_WARN_NON_LITERAL_NULL_CONVERSION = YES;
				CLANG_WARN_OBJC_IMPLICIT_RETAIN_SELF = YES;
				CLANG_WARN_OBJC_LITERAL_CONVERSION = YES;
				CLANG_WARN_OBJC_ROOT_CLASS = YES_ERROR;
				CLANG_WARN_QUOTED_INCLUDE_IN_FRAMEWORK_HEADER = YES;
				CLANG_WARN_RANGE_LOOP_ANALYSIS = YES;
				CLANG_WARN_STRICT_PROTOTYPES = YES;
				CLANG_WARN_SUSPICIOUS_MOVE = YES;
				CLANG_WARN_UNGUARDED_AVAILABILITY = YES_AGGRESSIVE;
				CLANG_WARN_UNREACHABLE_CODE = YES;
				CLANG_WARN__DUPLICATE_METHOD_MATCH = YES;
				COPY_PHASE_STRIP = NO;
				DEBUG_INFORMATION_FORMAT = dwarf;
				ENABLE_STRICT_OBJC_MSGSEND = YES;
				ENABLE_TESTABILITY = YES;
				ENABLE_USER_SCRIPT_SANDBOXING = YES;
				GCC_C_LANGUAGE_STANDARD = gnu17;
				GCC_DYNAMIC_NO_PIC = NO;
				GCC_NO_COMMON_BLOCKS = YES;
				GCC_OPTIMIZATION_LEVEL = 0;
				GCC_PREPROCESSOR_DEFINITIONS = (
					"DEBUG=1",
					"$(inherited)",
				);
				GCC_WARN_64_TO_32_BIT_CONVERSION = YES;
				GCC_WARN_ABOUT_RETURN_TYPE = YES_ERROR;
				GCC_WARN_UNDECLARED_SELECTOR = YES;
				GCC_WARN_UNINITIALIZED_AUTOS = YES_AGGRESSIVE;
				GCC_WARN_UNUSED_FUNCTION = YES;
				GCC_WARN_UNUSED_VARIABLE = YES;
				IPHONEOS_DEPLOYMENT_TARGET = 17.4;
				LOCALIZATION_PREFERS_STRING_CATALOGS = YES;
				MTL_ENABLE_DEBUG_INFO = INCLUDE_SOURCE;
				MTL_FAST_MATH = YES;
				ONLY_ACTIVE_ARCH = YES;
				SDKROOT = iphoneos;
				SWIFT_ACTIVE_COMPILATION_CONDITIONS = "DEBUG $(inherited)";
				SWIFT_OPTIMIZATION_LEVEL = "-Onone";
			};
			name = Debug;
		};
		1484D5A02BDCCD8900519B55 /* Release */ = {
			isa = XCBuildConfiguration;
			buildSettings = {
				ALWAYS_SEARCH_USER_PATHS = NO;
				ASSETCATALOG_COMPILER_GENERATE_SWIFT_ASSET_SYMBOL_EXTENSIONS = YES;
				CLANG_ANALYZER_NONNULL = YES;
				CLANG_ANALYZER_NUMBER_OBJECT_CONVERSION = YES_AGGRESSIVE;
				CLANG_CXX_LANGUAGE_STANDARD = "gnu++20";
				CLANG_ENABLE_MODULES = YES;
				CLANG_ENABLE_OBJC_ARC = YES;
				CLANG_ENABLE_OBJC_WEAK = YES;
				CLANG_WARN_BLOCK_CAPTURE_AUTORELEASING = YES;
				CLANG_WARN_BOOL_CONVERSION = YES;
				CLANG_WARN_COMMA = YES;
				CLANG_WARN_CONSTANT_CONVERSION = YES;
				CLANG_WARN_DEPRECATED_OBJC_IMPLEMENTATIONS = YES;
				CLANG_WARN_DIRECT_OBJC_ISA_USAGE = YES_ERROR;
				CLANG_WARN_DOCUMENTATION_COMMENTS = YES;
				CLANG_WARN_EMPTY_BODY = YES;
				CLANG_WARN_ENUM_CONVERSION = YES;
				CLANG_WARN_INFINITE_RECURSION = YES;
				CLANG_WARN_INT_CONVERSION = YES;
				CLANG_WARN_NON_LITERAL_NULL_CONVERSION = YES;
				CLANG_WARN_OBJC_IMPLICIT_RETAIN_SELF = YES;
				CLANG_WARN_OBJC_LITERAL_CONVERSION = YES;
				CLANG_WARN_OBJC_ROOT_CLASS = YES_ERROR;
				CLANG_WARN_QUOTED_INCLUDE_IN_FRAMEWORK_HEADER = YES;
				CLANG_WARN_RANGE_LOOP_ANALYSIS = YES;
				CLANG_WARN_STRICT_PROTOTYPES = YES;
				CLANG_WARN_SUSPICIOUS_MOVE = YES;
				CLANG_WARN_UNGUARDED_AVAILABILITY = YES_AGGRESSIVE;
				CLANG_WARN_UNREACHABLE_CODE = YES;
				CLANG_WARN__DUPLICATE_METHOD_MATCH = YES;
				COPY_PHASE_STRIP = NO;
				DEBUG_INFORMATION_FORMAT = "dwarf-with-dsym";
				ENABLE_NS_ASSERTIONS = NO;
				ENABLE_STRICT_OBJC_MSGSEND = YES;
				ENABLE_USER_SCRIPT_SANDBOXING = YES;
				GCC_C_LANGUAGE_STANDARD = gnu17;
				GCC_NO_COMMON_BLOCKS = YES;
				GCC_WARN_64_TO_32_BIT_CONVERSION = YES;
				GCC_WARN_ABOUT_RETURN_TYPE = YES_ERROR;
				GCC_WARN_UNDECLARED_SELECTOR = YES;
				GCC_WARN_UNINITIALIZED_AUTOS = YES_AGGRESSIVE;
				GCC_WARN_UNUSED_FUNCTION = YES;
				GCC_WARN_UNUSED_VARIABLE = YES;
				IPHONEOS_DEPLOYMENT_TARGET = 17.4;
				LOCALIZATION_PREFERS_STRING_CATALOGS = YES;
				MTL_ENABLE_DEBUG_INFO = NO;
				MTL_FAST_MATH = YES;
				SDKROOT = iphoneos;
				SWIFT_COMPILATION_MODE = wholemodule;
				VALIDATE_PRODUCT = YES;
			};
			name = Release;
		};
		1484D5A22BDCCD8900519B55 /* Debug */ = {
			isa = XCBuildConfiguration;
			buildSettings = {
				ASSETCATALOG_COMPILER_APPICON_NAME = AppIcon;
				ASSETCATALOG_COMPILER_GLOBAL_ACCENT_COLOR_NAME = AccentColor;
				ASSETCATALOG_COMPILER_INCLUDE_ALL_APPICON_ASSETS = NO;
				CODE_SIGN_STYLE = Automatic;
				CURRENT_PROJECT_VERSION = 1;
				DEVELOPMENT_ASSET_PATHS = "\"My List/Preview Content\"";
				ENABLE_PREVIEWS = YES;
				GENERATE_INFOPLIST_FILE = YES;
				INFOPLIST_FILE = "My-List/Info.plist";
				INFOPLIST_KEY_UIApplicationSceneManifest_Generation = YES;
				INFOPLIST_KEY_UIApplicationSupportsIndirectInputEvents = YES;
				INFOPLIST_KEY_UILaunchScreen_Generation = YES;
				INFOPLIST_KEY_UISupportedInterfaceOrientations_iPad = "UIInterfaceOrientationPortrait UIInterfaceOrientationPortraitUpsideDown UIInterfaceOrientationLandscapeLeft UIInterfaceOrientationLandscapeRight";
				INFOPLIST_KEY_UISupportedInterfaceOrientations_iPhone = "UIInterfaceOrientationPortrait UIInterfaceOrientationLandscapeLeft UIInterfaceOrientationLandscapeRight";
				LD_RUNPATH_SEARCH_PATHS = (
					"$(inherited)",
					"@executable_path/Frameworks",
				);
				MARKETING_VERSION = 1.0;
				PRODUCT_BUNDLE_IDENTIFIER = "senanuremr.My-List";
				PRODUCT_NAME = "$(TARGET_NAME)";
				SWIFT_EMIT_LOC_STRINGS = YES;
				SWIFT_VERSION = 5.0;
				TARGETED_DEVICE_FAMILY = "1,2";
			};
			name = Debug;
		};
		1484D5A32BDCCD8900519B55 /* Release */ = {
			isa = XCBuildConfiguration;
			buildSettings = {
				ASSETCATALOG_COMPILER_APPICON_NAME = AppIcon;
				ASSETCATALOG_COMPILER_GLOBAL_ACCENT_COLOR_NAME = AccentColor;
				ASSETCATALOG_COMPILER_INCLUDE_ALL_APPICON_ASSETS = NO;
				CODE_SIGN_STYLE = Automatic;
				CURRENT_PROJECT_VERSION = 1;
				DEVELOPMENT_ASSET_PATHS = "\"My List/Preview Content\"";
				ENABLE_PREVIEWS = YES;
				GENERATE_INFOPLIST_FILE = YES;
				INFOPLIST_FILE = "My-List/Info.plist";
				INFOPLIST_KEY_UIApplicationSceneManifest_Generation = YES;
				INFOPLIST_KEY_UIApplicationSupportsIndirectInputEvents = YES;
				INFOPLIST_KEY_UILaunchScreen_Generation = YES;
				INFOPLIST_KEY_UISupportedInterfaceOrientations_iPad = "UIInterfaceOrientationPortrait UIInterfaceOrientationPortraitUpsideDown UIInterfaceOrientationLandscapeLeft UIInterfaceOrientationLandscapeRight";
				INFOPLIST_KEY_UISupportedInterfaceOrientations_iPhone = "UIInterfaceOrientationPortrait UIInterfaceOrientationLandscapeLeft UIInterfaceOrientationLandscapeRight";
				LD_RUNPATH_SEARCH_PATHS = (
					"$(inherited)",
					"@executable_path/Frameworks",
				);
				MARKETING_VERSION = 1.0;
				PRODUCT_BUNDLE_IDENTIFIER = "senanuremr.My-List";
				PRODUCT_NAME = "$(TARGET_NAME)";
				SWIFT_EMIT_LOC_STRINGS = YES;
				SWIFT_VERSION = 5.0;
				TARGETED_DEVICE_FAMILY = "1,2";
			};
			name = Release;
		};
		1484D5A52BDCCD8900519B55 /* Debug */ = {
			isa = XCBuildConfiguration;
			buildSettings = {
				ALWAYS_EMBED_SWIFT_STANDARD_LIBRARIES = YES;
				BUNDLE_LOADER = "$(TEST_HOST)";
				CODE_SIGN_STYLE = Automatic;
				CURRENT_PROJECT_VERSION = 1;
				GENERATE_INFOPLIST_FILE = YES;
				IPHONEOS_DEPLOYMENT_TARGET = 17.4;
				MARKETING_VERSION = 1.0;
				PRODUCT_BUNDLE_IDENTIFIER = "senanuremr.My-ListTests";
				PRODUCT_NAME = "$(TARGET_NAME)";
				SWIFT_EMIT_LOC_STRINGS = NO;
				SWIFT_VERSION = 5.0;
				TARGETED_DEVICE_FAMILY = "1,2";
				TEST_HOST = "$(BUILT_PRODUCTS_DIR)/My List.app/$(BUNDLE_EXECUTABLE_FOLDER_PATH)/My List";
			};
			name = Debug;
		};
		1484D5A62BDCCD8900519B55 /* Release */ = {
			isa = XCBuildConfiguration;
			buildSettings = {
				ALWAYS_EMBED_SWIFT_STANDARD_LIBRARIES = YES;
				BUNDLE_LOADER = "$(TEST_HOST)";
				CODE_SIGN_STYLE = Automatic;
				CURRENT_PROJECT_VERSION = 1;
				GENERATE_INFOPLIST_FILE = YES;
				IPHONEOS_DEPLOYMENT_TARGET = 17.4;
				MARKETING_VERSION = 1.0;
				PRODUCT_BUNDLE_IDENTIFIER = "senanuremr.My-ListTests";
				PRODUCT_NAME = "$(TARGET_NAME)";
				SWIFT_EMIT_LOC_STRINGS = NO;
				SWIFT_VERSION = 5.0;
				TARGETED_DEVICE_FAMILY = "1,2";
				TEST_HOST = "$(BUILT_PRODUCTS_DIR)/My List.app/$(BUNDLE_EXECUTABLE_FOLDER_PATH)/My List";
			};
			name = Release;
		};
		1484D5A82BDCCD8900519B55 /* Debug */ = {
			isa = XCBuildConfiguration;
			buildSettings = {
				ALWAYS_EMBED_SWIFT_STANDARD_LIBRARIES = YES;
				CODE_SIGN_STYLE = Automatic;
				CURRENT_PROJECT_VERSION = 1;
				GENERATE_INFOPLIST_FILE = YES;
				MARKETING_VERSION = 1.0;
				PRODUCT_BUNDLE_IDENTIFIER = "senanuremr.My-ListUITests";
				PRODUCT_NAME = "$(TARGET_NAME)";
				SWIFT_EMIT_LOC_STRINGS = NO;
				SWIFT_VERSION = 5.0;
				TARGETED_DEVICE_FAMILY = "1,2";
				TEST_TARGET_NAME = "My List";
			};
			name = Debug;
		};
		1484D5A92BDCCD8900519B55 /* Release */ = {
			isa = XCBuildConfiguration;
			buildSettings = {
				ALWAYS_EMBED_SWIFT_STANDARD_LIBRARIES = YES;
				CODE_SIGN_STYLE = Automatic;
				CURRENT_PROJECT_VERSION = 1;
				GENERATE_INFOPLIST_FILE = YES;
				MARKETING_VERSION = 1.0;
				PRODUCT_BUNDLE_IDENTIFIER = "senanuremr.My-ListUITests";
				PRODUCT_NAME = "$(TARGET_NAME)";
				SWIFT_EMIT_LOC_STRINGS = NO;
				SWIFT_VERSION = 5.0;
				TARGETED_DEVICE_FAMILY = "1,2";
				TEST_TARGET_NAME = "My List";
			};
			name = Release;
		};
/* End XCBuildConfiguration section */

/* Begin XCConfigurationList section */
		1484D5782BDCCD8600519B55 /* Build configuration list for PBXProject "My List" */ = {
			isa = XCConfigurationList;
			buildConfigurations = (
				1484D59F2BDCCD8900519B55 /* Debug */,
				1484D5A02BDCCD8900519B55 /* Release */,
			);
			defaultConfigurationIsVisible = 0;
			defaultConfigurationName = Release;
		};
		1484D5A12BDCCD8900519B55 /* Build configuration list for PBXNativeTarget "My List" */ = {
			isa = XCConfigurationList;
			buildConfigurations = (
				1484D5A22BDCCD8900519B55 /* Debug */,
				1484D5A32BDCCD8900519B55 /* Release */,
			);
			defaultConfigurationIsVisible = 0;
			defaultConfigurationName = Release;
		};
		1484D5A42BDCCD8900519B55 /* Build configuration list for PBXNativeTarget "My ListTests" */ = {
			isa = XCConfigurationList;
			buildConfigurations = (
				1484D5A52BDCCD8900519B55 /* Debug */,
				1484D5A62BDCCD8900519B55 /* Release */,
			);
			defaultConfigurationIsVisible = 0;
			defaultConfigurationName = Release;
		};
		1484D5A72BDCCD8900519B55 /* Build configuration list for PBXNativeTarget "My ListUITests" */ = {
			isa = XCConfigurationList;
			buildConfigurations = (
				1484D5A82BDCCD8900519B55 /* Debug */,
				1484D5A92BDCCD8900519B55 /* Release */,
			);
			defaultConfigurationIsVisible = 0;
			defaultConfigurationName = Release;
		};
/* End XCConfigurationList section */

/* Begin XCRemoteSwiftPackageReference section */
		1484D5C42BDCD6A000519B55 /* XCRemoteSwiftPackageReference "firebase-ios-sdk" */ = {
			isa = XCRemoteSwiftPackageReference;
			repositoryURL = "https://github.com/firebase/firebase-ios-sdk";
			requirement = {
				kind = upToNextMajorVersion;
				minimumVersion = 10.24.0;
			};
		};
/* End XCRemoteSwiftPackageReference section */

/* Begin XCSwiftPackageProductDependency section */
		1484D5C72BDCD6A000519B55 /* FirebaseFirestore */ = {
			isa = XCSwiftPackageProductDependency;
			package = 1484D5C42BDCD6A000519B55 /* XCRemoteSwiftPackageReference "firebase-ios-sdk" */;
			productName = FirebaseFirestore;
		};
		1484D5C92BDCD6A000519B55 /* FirebaseFirestoreSwift */ = {
			isa = XCSwiftPackageProductDependency;
			package = 1484D5C42BDCD6A000519B55 /* XCRemoteSwiftPackageReference "firebase-ios-sdk" */;
			productName = FirebaseFirestoreSwift;
		};
		1484D5CB2BDCD6A000519B55 /* FirebaseStorage */ = {
			isa = XCSwiftPackageProductDependency;
			package = 1484D5C42BDCD6A000519B55 /* XCRemoteSwiftPackageReference "firebase-ios-sdk" */;
			productName = FirebaseStorage;
		};
		14CFEBDC2BECF553006BBF0C /* FirebaseAuth */ = {
			isa = XCSwiftPackageProductDependency;
			package = 1484D5C42BDCD6A000519B55 /* XCRemoteSwiftPackageReference "firebase-ios-sdk" */;
			productName = FirebaseAuth;
		};
		14CFEBDE2BECF583006BBF0C /* FirebaseDatabase */ = {
			isa = XCSwiftPackageProductDependency;
			package = 1484D5C42BDCD6A000519B55 /* XCRemoteSwiftPackageReference "firebase-ios-sdk" */;
			productName = FirebaseDatabase;
		};
		14CFEBE02BECF5A3006BBF0C /* FirebaseAnalytics */ = {
			isa = XCSwiftPackageProductDependency;
			package = 1484D5C42BDCD6A000519B55 /* XCRemoteSwiftPackageReference "firebase-ios-sdk" */;
			productName = FirebaseAnalytics;
		};
/* End XCSwiftPackageProductDependency section */
	};
	rootObject = 1484D5752BDCCD8600519B55 /* Project object */;
}
